Microsoft Visual Studio Solution File, Format Version 12.00
# Visual Studio Version 17
VisualStudioVersion = 17.5.2.0
MinimumVisualStudioVersion = 10.0.40219.1

Project("{2150E333-8FDC-42A3-9474-1A3956D46DE8}") = "src", "src", "{A1A1A1A1-A1A1-A1A1-A1A1-A1A1A1A1A1A1}"
EndProject

Project("{2150E333-8FDC-42A3-9474-1A3956D46DE8}") = "tests", "tests", "{B2B2B2B2-B2B2-B2B2-B2B2-B2B2B2B2B2B2}"
EndProject

Project("{FAE04EC0-301F-11D3-BF4B-00C04F79EFBC}") = "UserManagementApi.Core", "src\UserManagementApi.Core\UserManagementApi.Core.csproj", "{C3C3C3C3-C3C3-C3C3-C3C3-C3C3C3C3C3C3}"
EndProject

Project("{FAE04EC0-301F-11D3-BF4B-00C04F79EFBC}") = "UserManagementApi.Infrastructure", "src\UserManagementApi.Infrastructure\UserManagementApi.Infrastructure.csproj", "{D4D4D4D4-D4D4-D4D4-D4D4-D4D4D4D4D4D4}"
EndProject

Project("{FAE04EC0-301F-11D3-BF4B-00C04F79EFBC}") = "UserManagementApi.Web", "src\UserManagementApi.Web\UserManagementApi.Web.csproj", "{E5E5E5E5-E5E5-E5E5-E5E5-E5E5E5E5E5E5}"
EndProject

Project("{FAE04EC0-301F-11D3-BF4B-00C04F79EFBC}") = "UserManagementApi.UnitTests", "tests\UserManagementApi.UnitTests\UserManagementApi.UnitTests.csproj", "{F6F6F6F6-F6F6-F6F6-F6F6-F6F6F6F6F6F6}"
EndProject

Project("{FAE04EC0-301F-11D3-BF4B-00C04F79EFBC}") = "UserManagementApi.IntegrationTests", "tests\UserManagementApi.IntegrationTests\UserManagementApi.IntegrationTests.csproj", "{A7A7A7A7-A7A7-A7A7-A7A7-A7A7A7A7A7A7}"
EndProject

Global
	GlobalSection(SolutionConfigurationPlatforms) = preSolution
		Debug|Any CPU = Debug|Any CPU
		Release|Any CPU = Release|Any CPU
	EndGlobalSection
	GlobalSection(ProjectConfigurationPlatforms) = postSolution
		{C3C3C3C3-C3C3-C3C3-C3C3-C3C3C3C3C3C3}.Debug|Any CPU.ActiveCfg = Debug|Any CPU
		{C3C3C3C3-C3C3-C3C3-C3C3-C3C3C3C3C3C3}.Debug|Any CPU.Build.0 = Debug|Any CPU
		{C3C3C3C3-C3C3-C3C3-C3C3-C3C3C3C3C3C3}.Release|Any CPU.ActiveCfg = Release|Any CPU
		{C3C3C3C3-C3C3-C3C3-C3C3-C3C3C3C3C3C3}.Release|Any CPU.Build.0 = Release|Any CPU
		{D4D4D4D4-D4D4-D4D4-D4D4-D4D4D4D4D4D4}.Debug|Any CPU.ActiveCfg = Debug|Any CPU
		{D4D4D4D4-D4D4-D4D4-D4D4-D4D4D4D4D4D4}.Debug|Any CPU.Build.0 = Debug|Any CPU
		{D4D4D4D4-D4D4-D4D4-D4D4-D4D4D4D4D4D4}.Release|Any CPU.ActiveCfg = Release|Any CPU
		{D4D4D4D4-D4D4-D4D4-D4D4-D4D4D4D4D4D4}.Release|Any CPU.Build.0 = Release|Any CPU
		{E5E5E5E5-E5E5-E5E5-E5E5-E5E5E5E5E5E5}.Debug|Any CPU.ActiveCfg = Debug|Any CPU
		{E5E5E5E5-E5E5-E5E5-E5E5-E5E5E5E5E5E5}.Debug|Any CPU.Build.0 = Debug|Any CPU
		{E5E5E5E5-E5E5-E5E5-E5E5-E5E5E5E5E5E5}.Release|Any CPU.ActiveCfg = Release|Any CPU
		{E5E5E5E5-E5E5-E5E5-E5E5-E5E5E5E5E5E5}.Release|Any CPU.Build.0 = Release|Any CPU
		{F6F6F6F6-F6F6-F6F6-F6F6-F6F6F6F6F6F6}.Debug|Any CPU.ActiveCfg = Debug|Any CPU
		{F6F6F6F6-F6F6-F6F6-F6F6-F6F6F6F6F6F6}.Debug|Any CPU.Build.0 = Debug|Any CPU
		{F6F6F6F6-F6F6-F6F6-F6F6-F6F6F6F6F6F6}.Release|Any CPU.ActiveCfg = Release|Any CPU
		{F6F6F6F6-F6F6-F6F6-F6F6-F6F6F6F6F6F6}.Release|Any CPU.Build.0 = Release|Any CPU
		{A7A7A7A7-A7A7-A7A7-A7A7-A7A7A7A7A7A7}.Debug|Any CPU.ActiveCfg = Debug|Any CPU
		{A7A7A7A7-A7A7-A7A7-A7A7-A7A7A7A7A7A7}.Debug|Any CPU.Build.0 = Debug|Any CPU
		{A7A7A7A7-A7A7-A7A7-A7A7-A7A7A7A7A7A7}.Release|Any CPU.ActiveCfg = Release|Any CPU
		{A7A7A7A7-A7A7-A7A7-A7A7-A7A7A7A7A7A7}.Release|Any CPU.Build.0 = Release|Any CPU
	EndGlobalSection
	GlobalSection(SolutionProperties) = preSolution
		HideSolutionNode = FALSE
	EndGlobalSection
	GlobalSection(NestedProjects) = preSolution
		{C3C3C3C3-C3C3-C3C3-C3C3-C3C3C3C3C3C3} = {A1A1A1A1-A1A1-A1A1-A1A1-A1A1A1A1A1A1}
		{D4D4D4D4-D4D4-D4D4-D4D4-D4D4D4D4D4D4} = {A1A1A1A1-A1A1-A1A1-A1A1-A1A1A1A1A1A1}
		{E5E5E5E5-E5E5-E5E5-E5E5-E5E5E5E5E5E5} = {A1A1A1A1-A1A1-A1A1-A1A1-A1A1A1A1A1A1}
		{F6F6F6F6-F6F6-F6F6-F6F6-F6F6F6F6F6F6} = {B2B2B2B2-B2B2-B2B2-B2B2-B2B2B2B2B2B2}
		{A7A7A7A7-A7A7-A7A7-A7A7-A7A7A7A7A7A7} = {B2B2B2B2-B2B2-B2B2-B2B2-B2B2B2B2B2B2}
	EndGlobalSection
	GlobalSection(ExtensibilityGlobals) = postSolution
		SolutionGuid = {12345678-1234-1234-1234-123456789012}
	EndGlobalSection
EndGlobal
